// !$*UTF8*$!
{
	archiveVersion = 1;
	classes = {
	};
	objectVersion = 56;
	objects = {

/* Begin PBXBuildFile section */
		A7CF782D2D9219840032D720 /* desafio07App.swift in Sources */ = {isa = PBXBuildFile; fileRef = A7CF782C2D9219840032D720 /* desafio07App.swift */; };
		A7CF782F2D9219840032D720 /* ContentView.swift in Sources */ = {isa = PBXBuildFile; fileRef = A7CF782E2D9219840032D720 /* ContentView.swift */; };
		A7CF78312D9219860032D720 /* Assets.xcassets in Resources */ = {isa = PBXBuildFile; fileRef = A7CF78302D9219860032D720 /* Assets.xcassets */; };
		A7CF78342D9219860032D720 /* Preview Assets.xcassets in Resources */ = {isa = PBXBuildFile; fileRef = A7CF78332D9219860032D720 /* Preview Assets.xcassets */; };
		A7CF783E2D9219860032D720 /* desafio07Tests.swift in Sources */ = {isa = PBXBuildFile; fileRef = A7CF783D2D9219860032D720 /* desafio07Tests.swift */; };
		A7CF78482D9219860032D720 /* desafio07UITests.swift in Sources */ = {isa = PBXBuildFile; fileRef = A7CF78472D9219860032D720 /* desafio07UITests.swift */; };
		A7CF784A2D9219860032D720 /* desafio07UITestsLaunchTests.swift in Sources */ = {isa = PBXBuildFile; fileRef = A7CF78492D9219860032D720 /* desafio07UITestsLaunchTests.swift */; };
		A7CF78592D9229770032D720 /* Especific.swift in Sources */ = {isa = PBXBuildFile; fileRef = A7CF78582D9229770032D720 /* Especific.swift */; };
/* End PBXBuildFile section */

/* Begin PBXContainerItemProxy section */
		A7CF783A2D9219860032D720 /* PBXContainerItemProxy */ = {
			isa = PBXContainerItemProxy;
			containerPortal = A7CF78212D9219840032D720 /* Project object */;
			proxyType = 1;
			remoteGlobalIDString = A7CF78282D9219840032D720;
			remoteInfo = desafio07;
		};
		A7CF78442D9219860032D720 /* PBXContainerItemProxy */ = {
			isa = PBXContainerItemProxy;
			containerPortal = A7CF78212D9219840032D720 /* Project object */;
			proxyType = 1;
			remoteGlobalIDString = A7CF78282D9219840032D720;
			remoteInfo = desafio07;
		};
/* End PBXContainerItemProxy section */

/* Begin PBXFileReference section */
		A7CF78292D9219840032D720 /* desafio07.app */ = {isa = PBXFileReference; explicitFileType = wrapper.application; includeInIndex = 0; path = desafio07.app; sourceTree = BUILT_PRODUCTS_DIR; };
		A7CF782C2D9219840032D720 /* desafio07App.swift */ = {isa = PBXFileReference; lastKnownFileType = sourcecode.swift; path = desafio07App.swift; sourceTree = "<group>"; };
		A7CF782E2D9219840032D720 /* ContentView.swift */ = {isa = PBXFileReference; lastKnownFileType = sourcecode.swift; path = ContentView.swift; sourceTree = "<group>"; };
		A7CF78302D9219860032D720 /* Assets.xcassets */ = {isa = PBXFileReference; lastKnownFileType = folder.assetcatalog; path = Assets.xcassets; sourceTree = "<group>"; };
		A7CF78332D9219860032D720 /* Preview Assets.xcassets */ = {isa = PBXFileReference; lastKnownFileType = folder.assetcatalog; path = "Preview Assets.xcassets"; sourceTree = "<group>"; };
		A7CF78392D9219860032D720 /* desafio07Tests.xctest */ = {isa = PBXFileReference; explicitFileType = wrapper.cfbundle; includeInIndex = 0; path = desafio07Tests.xctest; sourceTree = BUILT_PRODUCTS_DIR; };
		A7CF783D2D9219860032D720 /* desafio07Tests.swift */ = {isa = PBXFileReference; lastKnownFileType = sourcecode.swift; path = desafio07Tests.swift; sourceTree = "<group>"; };
		A7CF78432D9219860032D720 /* desafio07UITests.xctest */ = {isa = PBXFileReference; explicitFileType = wrapper.cfbundle; includeInIndex = 0; path = desafio07UITests.xctest; sourceTree = BUILT_PRODUCTS_DIR; };
		A7CF78472D9219860032D720 /* desafio07UITests.swift */ = {isa = PBXFileReference; lastKnownFileType = sourcecode.swift; path = desafio07UITests.swift; sourceTree = "<group>"; };
		A7CF78492D9219860032D720 /* desafio07UITestsLaunchTests.swift */ = {isa = PBXFileReference; lastKnownFileType = sourcecode.swift; path = desafio07UITestsLaunchTests.swift; sourceTree = "<group>"; };
		A7CF78582D9229770032D720 /* Especific.swift */ = {isa = PBXFileReference; lastKnownFileType = sourcecode.swift; path = Especific.swift; sourceTree = "<group>"; };
/* End PBXFileReference section */

/* Begin PBXFrameworksBuildPhase section */
		A7CF78262D9219840032D720 /* Frameworks */ = {
			isa = PBXFrameworksBuildPhase;
			buildActionMask = 2147483647;
			files = (
			);
			runOnlyForDeploymentPostprocessing = 0;
		};
		A7CF78362D9219860032D720 /* Frameworks */ = {
			isa = PBXFrameworksBuildPhase;
			buildActionMask = 2147483647;
			files = (
			);
			runOnlyForDeploymentPostprocessing = 0;
		};
		A7CF78402D9219860032D720 /* Frameworks */ = {
			isa = PBXFrameworksBuildPhase;
			buildActionMask = 2147483647;
			files = (
			);
			runOnlyForDeploymentPostprocessing = 0;
		};
/* End PBXFrameworksBuildPhase section */

/* Begin PBXGroup section */
		A7CF78202D9219840032D720 = {
			isa = PBXGroup;
			children = (
				A7CF782B2D9219840032D720 /* desafio07 */,
				A7CF783C2D9219860032D720 /* desafio07Tests */,
				A7CF78462D9219860032D720 /* desafio07UITests */,
				A7CF782A2D9219840032D720 /* Products */,
			);
			sourceTree = "<group>";
		};
		A7CF782A2D9219840032D720 /* Products */ = {
			isa = PBXGroup;
			children = (
				A7CF78292D9219840032D720 /* desafio07.app */,
				A7CF78392D9219860032D720 /* desafio07Tests.xctest */,
				A7CF78432D9219860032D720 /* desafio07UITests.xctest */,
			);
			name = Products;
			sourceTree = "<group>";
		};
		A7CF782B2D9219840032D720 /* desafio07 */ = {
			isa = PBXGroup;
			children = (
				A7CF782C2D9219840032D720 /* desafio07App.swift */,
				A7CF78582D9229770032D720 /* Especific.swift */,
				A7CF782E2D9219840032D720 /* ContentView.swift */,
				A7CF78302D9219860032D720 /* Assets.xcassets */,
				A7CF78322D9219860032D720 /* Preview Content */,
			);
			path = desafio07;
			sourceTree = "<group>";
		};
		A7CF78322D9219860032D720 /* Preview Content */ = {
			isa = PBXGroup;
			children = (
				A7CF78332D9219860032D720 /* Preview Assets.xcassets */,
			);
			path = "Preview Content";
			sourceTree = "<group>";
		};
		A7CF783C2D9219860032D720 /* desafio07Tests */ = {
			isa = PBXGroup;
			children = (
				A7CF783D2D9219860032D720 /* desafio07Tests.swift */,
			);
			path = desafio07Tests;
			sourceTree = "<group>";
		};
		A7CF78462D9219860032D720 /* desafio07UITests */ = {
			isa = PBXGroup;
			children = (
				A7CF78472D9219860032D720 /* desafio07UITests.swift */,
				A7CF78492D9219860032D720 /* desafio07UITestsLaunchTests.swift */,
			);
			path = desafio07UITests;
			sourceTree = "<group>";
		};
/* End PBXGroup section */

/* Begin PBXNativeTarget section */
		A7CF78282D9219840032D720 /* desafio07 */ = {
			isa = PBXNativeTarget;
			buildConfigurationList = A7CF784D2D9219860032D720 /* Build configuration list for PBXNativeTarget "desafio07" */;
			buildPhases = (
				A7CF78252D9219840032D720 /* Sources */,
				A7CF78262D9219840032D720 /* Frameworks */,
				A7CF78272D9219840032D720 /* Resources */,
			);
			buildRules = (
			);
			dependencies = (
			);
			name = desafio07;
			productName = desafio07;
			productReference = A7CF78292D9219840032D720 /* desafio07.app */;
			productType = "com.apple.product-type.application";
		};
		A7CF78382D9219860032D720 /* desafio07Tests */ = {
			isa = PBXNativeTarget;
			buildConfigurationList = A7CF78502D9219860032D720 /* Build configuration list for PBXNativeTarget "desafio07Tests" */;
			buildPhases = (
				A7CF78352D9219860032D720 /* Sources */,
				A7CF78362D9219860032D720 /* Frameworks */,
				A7CF78372D9219860032D720 /* Resources */,
			);
			buildRules = (
			);
			dependencies = (
				A7CF783B2D9219860032D720 /* PBXTargetDependency */,
			);
			name = desafio07Tests;
			productName = desafio07Tests;
			productReference = A7CF78392D9219860032D720 /* desafio07Tests.xctest */;
			productType = "com.apple.product-type.bundle.unit-test";
		};
		A7CF78422D9219860032D720 /* desafio07UITests */ = {
			isa = PBXNativeTarget;
			buildConfigurationList = A7CF78532D9219860032D720 /* Build configuration list for PBXNativeTarget "desafio07UITests" */;
			buildPhases = (
				A7CF783F2D9219860032D720 /* Sources */,
				A7CF78402D9219860032D720 /* Frameworks */,
				A7CF78412D9219860032D720 /* Resources */,
			);
			buildRules = (
			);
			dependencies = (
				A7CF78452D9219860032D720 /* PBXTargetDependency */,
			);
			name = desafio07UITests;
			productName = desafio07UITests;
			productReference = A7CF78432D9219860032D720 /* desafio07UITests.xctest */;
			productType = "com.apple.product-type.bundle.ui-testing";
		};
/* End PBXNativeTarget section */

/* Begin PBXProject section */
		A7CF78212D9219840032D720 /* Project object */ = {
			isa = PBXProject;
			attributes = {
				BuildIndependentTargetsInParallel = 1;
				LastSwiftUpdateCheck = 1540;
				LastUpgradeCheck = 1540;
				TargetAttributes = {
					A7CF78282D9219840032D720 = {
						CreatedOnToolsVersion = 15.4;
					};
					A7CF78382D9219860032D720 = {
						CreatedOnToolsVersion = 15.4;
						TestTargetID = A7CF78282D9219840032D720;
					};
					A7CF78422D9219860032D720 = {
						CreatedOnToolsVersion = 15.4;
						TestTargetID = A7CF78282D9219840032D720;
					};
				};
			};
			buildConfigurationList = A7CF78242D9219840032D720 /* Build configuration list for PBXProject "desafio07" */;
			compatibilityVersion = "Xcode 14.0";
			developmentRegion = en;
			hasScannedForEncodings = 0;
			knownRegions = (
				en,
				Base,
			);
			mainGroup = A7CF78202D9219840032D720;
			productRefGroup = A7CF782A2D9219840032D720 /* Products */;
			projectDirPath = "";
			projectRoot = "";
			targets = (
				A7CF78282D9219840032D720 /* desafio07 */,
				A7CF78382D9219860032D720 /* desafio07Tests */,
				A7CF78422D9219860032D720 /* desafio07UITests */,
			);
		};
/* End PBXProject section */

/* Begin PBXResourcesBuildPhase section */
		A7CF78272D9219840032D720 /* Resources */ = {
			isa = PBXResourcesBuildPhase;
			buildActionMask = 2147483647;
			files = (
				A7CF78342D9219860032D720 /* Preview Assets.xcassets in Resources */,
				A7CF78312D9219860032D720 /* Assets.xcassets in Resources */,
			);
			runOnlyForDeploymentPostprocessing = 0;
		};
		A7CF78372D9219860032D720 /* Resources */ = {
			isa = PBXResourcesBuildPhase;
			buildActionMask = 2147483647;
			files = (
			);
			runOnlyForDeploymentPostprocessing = 0;
		};
		A7CF78412D9219860032D720 /* Resources */ = {
			isa = PBXResourcesBuildPhase;
			buildActionMask = 2147483647;
			files = (
			);
			runOnlyForDeploymentPostprocessing = 0;
		};
/* End PBXResourcesBuildPhase section */

/* Begin PBXSourcesBuildPhase section */
		A7CF78252D9219840032D720 /* Sources */ = {
			isa = PBXSourcesBuildPhase;
			buildActionMask = 2147483647;
			files = (
				A7CF782F2D9219840032D720 /* ContentView.swift in Sources */,
				A7CF782D2D9219840032D720 /* desafio07App.swift in Sources */,
				A7CF78592D9229770032D720 /* Especific.swift in Sources */,
			);
			runOnlyForDeploymentPostprocessing = 0;
		};
		A7CF78352D9219860032D720 /* Sources */ = {
			isa = PBXSourcesBuildPhase;
			buildActionMask = 2147483647;
			files = (
				A7CF783E2D9219860032D720 /* desafio07Tests.swift in Sources */,
			);
			runOnlyForDeploymentPostprocessing = 0;
		};
		A7CF783F2D9219860032D720 /* Sources */ = {
			isa = PBXSourcesBuildPhase;
			buildActionMask = 2147483647;
			files = (
				A7CF78482D9219860032D720 /* desafio07UITests.swift in Sources */,
				A7CF784A2D9219860032D720 /* desafio07UITestsLaunchTests.swift in Sources */,
			);
			runOnlyForDeploymentPostprocessing = 0;
		};
/* End PBXSourcesBuildPhase section */

/* Begin PBXTargetDependency section */
		A7CF783B2D9219860032D720 /* PBXTargetDependency */ = {
			isa = PBXTargetDependency;
			target = A7CF78282D9219840032D720 /* desafio07 */;
			targetProxy = A7CF783A2D9219860032D720 /* PBXContainerItemProxy */;
		};
		A7CF78452D9219860032D720 /* PBXTargetDependency */ = {
			isa = PBXTargetDependency;
			target = A7CF78282D9219840032D720 /* desafio07 */;
			targetProxy = A7CF78442D9219860032D720 /* PBXContainerItemProxy */;
		};
/* End PBXTargetDependency section */

/* Begin XCBuildConfiguration section */
		A7CF784B2D9219860032D720 /* Debug */ = {
			isa = XCBuildConfiguration;
			buildSettings = {
				ALWAYS_SEARCH_USER_PATHS = NO;
				ASSETCATALOG_COMPILER_GENERATE_SWIFT_ASSET_SYMBOL_EXTENSIONS = YES;
				CLANG_ANALYZER_NONNULL = YES;
				CLANG_ANALYZER_NUMBER_OBJECT_CONVERSION = YES_AGGRESSIVE;
				CLANG_CXX_LANGUAGE_STANDARD = "gnu++20";
				CLANG_ENABLE_MODULES = YES;
				CLANG_ENABLE_OBJC_ARC = YES;
				CLANG_ENABLE_OBJC_WEAK = YES;
				CLANG_WARN_BLOCK_CAPTURE_AUTORELEASING = YES;
				CLANG_WARN_BOOL_CONVERSION = YES;
				CLANG_WARN_COMMA = YES;
				CLANG_WARN_CONSTANT_CONVERSION = YES;
				CLANG_WARN_DEPRECATED_OBJC_IMPLEMENTATIONS = YES;
				CLANG_WARN_DIRECT_OBJC_ISA_USAGE = YES_ERROR;
				CLANG_WARN_DOCUMENTATION_COMMENTS = YES;
				CLANG_WARN_EMPTY_BODY = YES;
				CLANG_WARN_ENUM_CONVERSION = YES;
				CLANG_WARN_INFINITE_RECURSION = YES;
				CLANG_WARN_INT_CONVERSION = YES;
				CLANG_WARN_NON_LITERAL_NULL_CONVERSION = YES;
				CLANG_WARN_OBJC_IMPLICIT_RETAIN_SELF = YES;
				CLANG_WARN_OBJC_LITERAL_CONVERSION = YES;
				CLANG_WARN_OBJC_ROOT_CLASS = YES_ERROR;
				CLANG_WARN_QUOTED_INCLUDE_IN_FRAMEWORK_HEADER = YES;
				CLANG_WARN_RANGE_LOOP_ANALYSIS = YES;
				CLANG_WARN_STRICT_PROTOTYPES = YES;
				CLANG_WARN_SUSPICIOUS_MOVE = YES;
				CLANG_WARN_UNGUARDED_AVAILABILITY = YES_AGGRESSIVE;
				CLANG_WARN_UNREACHABLE_CODE = YES;
				CLANG_WARN__DUPLICATE_METHOD_MATCH = YES;
				COPY_PHASE_STRIP = NO;
				DEBUG_INFORMATION_FORMAT = dwarf;
				ENABLE_STRICT_OBJC_MSGSEND = YES;
				ENABLE_TESTABILITY = YES;
				ENABLE_USER_SCRIPT_SANDBOXING = YES;
				GCC_C_LANGUAGE_STANDARD = gnu17;
				GCC_DYNAMIC_NO_PIC = NO;
				GCC_NO_COMMON_BLOCKS = YES;
				GCC_OPTIMIZATION_LEVEL = 0;
				GCC_PREPROCESSOR_DEFINITIONS = (
					"DEBUG=1",
					"$(inherited)",
				);
				GCC_WARN_64_TO_32_BIT_CONVERSION = YES;
				GCC_WARN_ABOUT_RETURN_TYPE = YES_ERROR;
				GCC_WARN_UNDECLARED_SELECTOR = YES;
				GCC_WARN_UNINITIALIZED_AUTOS = YES_AGGRESSIVE;
				GCC_WARN_UNUSED_FUNCTION = YES;
				GCC_WARN_UNUSED_VARIABLE = YES;
				IPHONEOS_DEPLOYMENT_TARGET = 17.5;
				LOCALIZATION_PREFERS_STRING_CATALOGS = YES;
				MTL_ENABLE_DEBUG_INFO = INCLUDE_SOURCE;
				MTL_FAST_MATH = YES;
				ONLY_ACTIVE_ARCH = YES;
				SDKROOT = iphoneos;
				SWIFT_ACTIVE_COMPILATION_CONDITIONS = "DEBUG $(inherited)";
				SWIFT_OPTIMIZATION_LEVEL = "-Onone";
			};
			name = Debug;
		};
		A7CF784C2D9219860032D720 /* Release */ = {
			isa = XCBuildConfiguration;
			buildSettings = {
				ALWAYS_SEARCH_USER_PATHS = NO;
				ASSETCATALOG_COMPILER_GENERATE_SWIFT_ASSET_SYMBOL_EXTENSIONS = YES;
				CLANG_ANALYZER_NONNULL = YES;
				CLANG_ANALYZER_NUMBER_OBJECT_CONVERSION = YES_AGGRESSIVE;
				CLANG_CXX_LANGUAGE_STANDARD = "gnu++20";
				CLANG_ENABLE_MODULES = YES;
				CLANG_ENABLE_OBJC_ARC = YES;
				CLANG_ENABLE_OBJC_WEAK = YES;
				CLANG_WARN_BLOCK_CAPTURE_AUTORELEASING = YES;
				CLANG_WARN_BOOL_CONVERSION = YES;
				CLANG_WARN_COMMA = YES;
				CLANG_WARN_CONSTANT_CONVERSION = YES;
				CLANG_WARN_DEPRECATED_OBJC_IMPLEMENTATIONS = YES;
				CLANG_WARN_DIRECT_OBJC_ISA_USAGE = YES_ERROR;
				CLANG_WARN_DOCUMENTATION_COMMENTS = YES;
				CLANG_WARN_EMPTY_BODY = YES;
				CLANG_WARN_ENUM_CONVERSION = YES;
				CLANG_WARN_INFINITE_RECURSION = YES;
				CLANG_WARN_INT_CONVERSION = YES;
				CLANG_WARN_NON_LITERAL_NULL_CONVERSION = YES;
				CLANG_WARN_OBJC_IMPLICIT_RETAIN_SELF = YES;
				CLANG_WARN_OBJC_LITERAL_CONVERSION = YES;
				CLANG_WARN_OBJC_ROOT_CLASS = YES_ERROR;
				CLANG_WARN_QUOTED_INCLUDE_IN_FRAMEWORK_HEADER = YES;
				CLANG_WARN_RANGE_LOOP_ANALYSIS = YES;
				CLANG_WARN_STRICT_PROTOTYPES = YES;
				CLANG_WARN_SUSPICIOUS_MOVE = YES;
				CLANG_WARN_UNGUARDED_AVAILABILITY = YES_AGGRESSIVE;
				CLANG_WARN_UNREACHABLE_CODE = YES;
				CLANG_WARN__DUPLICATE_METHOD_MATCH = YES;
				COPY_PHASE_STRIP = NO;
				DEBUG_INFORMATION_FORMAT = "dwarf-with-dsym";
				ENABLE_NS_ASSERTIONS = NO;
				ENABLE_STRICT_OBJC_MSGSEND = YES;
				ENABLE_USER_SCRIPT_SANDBOXING = YES;
				GCC_C_LANGUAGE_STANDARD = gnu17;
				GCC_NO_COMMON_BLOCKS = YES;
				GCC_WARN_64_TO_32_BIT_CONVERSION = YES;
				GCC_WARN_ABOUT_RETURN_TYPE = YES_ERROR;
				GCC_WARN_UNDECLARED_SELECTOR = YES;
				GCC_WARN_UNINITIALIZED_AUTOS = YES_AGGRESSIVE;
				GCC_WARN_UNUSED_FUNCTION = YES;
				GCC_WARN_UNUSED_VARIABLE = YES;
				IPHONEOS_DEPLOYMENT_TARGET = 17.5;
				LOCALIZATION_PREFERS_STRING_CATALOGS = YES;
				MTL_ENABLE_DEBUG_INFO = NO;
				MTL_FAST_MATH = YES;
				SDKROOT = iphoneos;
				SWIFT_COMPILATION_MODE = wholemodule;
				VALIDATE_PRODUCT = YES;
			};
			name = Release;
		};
		A7CF784E2D9219860032D720 /* Debug */ = {
			isa = XCBuildConfiguration;
			buildSettings = {
				ASSETCATALOG_COMPILER_APPICON_NAME = AppIcon;
				ASSETCATALOG_COMPILER_GLOBAL_ACCENT_COLOR_NAME = AccentColor;
				CODE_SIGN_STYLE = Automatic;
				CURRENT_PROJECT_VERSION = 1;
				DEVELOPMENT_ASSET_PATHS = "\"desafio07/Preview Content\"";
				ENABLE_PREVIEWS = YES;
				GENERATE_INFOPLIST_FILE = YES;
				INFOPLIST_KEY_UIApplicationSceneManifest_Generation = YES;
				INFOPLIST_KEY_UIApplicationSupportsIndirectInputEvents = YES;
				INFOPLIST_KEY_UILaunchScreen_Generation = YES;
				INFOPLIST_KEY_UISupportedInterfaceOrientations_iPad = "UIInterfaceOrientationPortrait UIInterfaceOrientationPortraitUpsideDown UIInterfaceOrientationLandscapeLeft UIInterfaceOrientationLandscapeRight";
				INFOPLIST_KEY_UISupportedInterfaceOrientations_iPhone = "UIInterfaceOrientationPortrait UIInterfaceOrientationLandscapeLeft UIInterfaceOrientationLandscapeRight";
				LD_RUNPATH_SEARCH_PATHS = (
					"$(inherited)",
					"@executable_path/Frameworks",
				);
				MARKETING_VERSION = 1.0;
				PRODUCT_BUNDLE_IDENTIFIER = laura.persilva.desafio07;
				PRODUCT_NAME = "$(TARGET_NAME)";
				SWIFT_EMIT_LOC_STRINGS = YES;
				SWIFT_VERSION = 5.0;
				TARGETED_DEVICE_FAMILY = "1,2";
			};
			name = Debug;
		};
		A7CF784F2D9219860032D720 /* Release */ = {
			isa = XCBuildConfiguration;
			buildSettings = {
				ASSETCATALOG_COMPILER_APPICON_NAME = AppIcon;
				ASSETCATALOG_COMPILER_GLOBAL_ACCENT_COLOR_NAME = AccentColor;
				CODE_SIGN_STYLE = Automatic;
				CURRENT_PROJECT_VERSION = 1;
				DEVELOPMENT_ASSET_PATHS = "\"desafio07/Preview Content\"";
				ENABLE_PREVIEWS = YES;
				GENERATE_INFOPLIST_FILE = YES;
				INFOPLIST_KEY_UIApplicationSceneManifest_Generation = YES;
				INFOPLIST_KEY_UIApplicationSupportsIndirectInputEvents = YES;
				INFOPLIST_KEY_UILaunchScreen_Generation = YES;
				INFOPLIST_KEY_UISupportedInterfaceOrientations_iPad = "UIInterfaceOrientationPortrait UIInterfaceOrientationPortraitUpsideDown UIInterfaceOrientationLandscapeLeft UIInterfaceOrientationLandscapeRight";
				INFOPLIST_KEY_UISupportedInterfaceOrientations_iPhone = "UIInterfaceOrientationPortrait UIInterfaceOrientationLandscapeLeft UIInterfaceOrientationLandscapeRight";
				LD_RUNPATH_SEARCH_PATHS = (
					"$(inherited)",
					"@executable_path/Frameworks",
				);
				MARKETING_VERSION = 1.0;
				PRODUCT_BUNDLE_IDENTIFIER = laura.persilva.desafio07;
				PRODUCT_NAME = "$(TARGET_NAME)";
				SWIFT_EMIT_LOC_STRINGS = YES;
				SWIFT_VERSION = 5.0;
				TARGETED_DEVICE_FAMILY = "1,2";
			};
			name = Release;
		};
		A7CF78512D9219860032D720 /* Debug */ = {
			isa = XCBuildConfiguration;
			buildSettings = {
				ALWAYS_EMBED_SWIFT_STANDARD_LIBRARIES = YES;
				BUNDLE_LOADER = "$(TEST_HOST)";
				CODE_SIGN_STYLE = Automatic;
				CURRENT_PROJECT_VERSION = 1;
				GENERATE_INFOPLIST_FILE = YES;
				IPHONEOS_DEPLOYMENT_TARGET = 17.5;
				MARKETING_VERSION = 1.0;
				PRODUCT_BUNDLE_IDENTIFIER = laura.persilva.desafio07Tests;
				PRODUCT_NAME = "$(TARGET_NAME)";
				SWIFT_EMIT_LOC_STRINGS = NO;
				SWIFT_VERSION = 5.0;
				TARGETED_DEVICE_FAMILY = "1,2";
				TEST_HOST = "$(BUILT_PRODUCTS_DIR)/desafio07.app/$(BUNDLE_EXECUTABLE_FOLDER_PATH)/desafio07";
			};
			name = Debug;
		};
		A7CF78522D9219860032D720 /* Release */ = {
			isa = XCBuildConfiguration;
			buildSettings = {
				ALWAYS_EMBED_SWIFT_STANDARD_LIBRARIES = YES;
				BUNDLE_LOADER = "$(TEST_HOST)";
				CODE_SIGN_STYLE = Automatic;
				CURRENT_PROJECT_VERSION = 1;
				GENERATE_INFOPLIST_FILE = YES;
				IPHONEOS_DEPLOYMENT_TARGET = 17.5;
				MARKETING_VERSION = 1.0;
				PRODUCT_BUNDLE_IDENTIFIER = laura.persilva.desafio07Tests;
				PRODUCT_NAME = "$(TARGET_NAME)";
				SWIFT_EMIT_LOC_STRINGS = NO;
				SWIFT_VERSION = 5.0;
				TARGETED_DEVICE_FAMILY = "1,2";
				TEST_HOST = "$(BUILT_PRODUCTS_DIR)/desafio07.app/$(BUNDLE_EXECUTABLE_FOLDER_PATH)/desafio07";
			};
			name = Release;
		};
		A7CF78542D9219860032D720 /* Debug */ = {
			isa = XCBuildConfiguration;
			buildSettings = {
				ALWAYS_EMBED_SWIFT_STANDARD_LIBRARIES = YES;
				CODE_SIGN_STYLE = Automatic;
				CURRENT_PROJECT_VERSION = 1;
				GENERATE_INFOPLIST_FILE = YES;
				MARKETING_VERSION = 1.0;
				PRODUCT_BUNDLE_IDENTIFIER = laura.persilva.desafio07UITests;
				PRODUCT_NAME = "$(TARGET_NAME)";
				SWIFT_EMIT_LOC_STRINGS = NO;
				SWIFT_VERSION = 5.0;
				TARGETED_DEVICE_FAMILY = "1,2";
				TEST_TARGET_NAME = desafio07;
			};
			name = Debug;
		};
		A7CF78552D9219860032D720 /* Release */ = {
			isa = XCBuildConfiguration;
			buildSettings = {
				ALWAYS_EMBED_SWIFT_STANDARD_LIBRARIES = YES;
				CODE_SIGN_STYLE = Automatic;
				CURRENT_PROJECT_VERSION = 1;
				GENERATE_INFOPLIST_FILE = YES;
				MARKETING_VERSION = 1.0;
				PRODUCT_BUNDLE_IDENTIFIER = laura.persilva.desafio07UITests;
				PRODUCT_NAME = "$(TARGET_NAME)";
				SWIFT_EMIT_LOC_STRINGS = NO;
				SWIFT_VERSION = 5.0;
				TARGETED_DEVICE_FAMILY = "1,2";
				TEST_TARGET_NAME = desafio07;
			};
			name = Release;
		};
/* End XCBuildConfiguration section */

/* Begin XCConfigurationList section */
		A7CF78242D9219840032D720 /* Build configuration list for PBXProject "desafio07" */ = {
			isa = XCConfigurationList;
			buildConfigurations = (
				A7CF784B2D9219860032D720 /* Debug */,
				A7CF784C2D9219860032D720 /* Release */,
			);
			defaultConfigurationIsVisible = 0;
			defaultConfigurationName = Release;
		};
		A7CF784D2D9219860032D720 /* Build configuration list for PBXNativeTarget "desafio07" */ = {
			isa = XCConfigurationList;
			buildConfigurations = (
				A7CF784E2D9219860032D720 /* Debug */,
				A7CF784F2D9219860032D720 /* Release */,
			);
			defaultConfigurationIsVisible = 0;
			defaultConfigurationName = Release;
		};
		A7CF78502D9219860032D720 /* Build configuration list for PBXNativeTarget "desafio07Tests" */ = {
			isa = XCConfigurationList;
			buildConfigurations = (
				A7CF78512D9219860032D720 /* Debug */,
				A7CF78522D9219860032D720 /* Release */,
			);
			defaultConfigurationIsVisible = 0;
			defaultConfigurationName = Release;
		};
		A7CF78532D9219860032D720 /* Build configuration list for PBXNativeTarget "desafio07UITests" */ = {
			isa = XCConfigurationList;
			buildConfigurations = (
				A7CF78542D9219860032D720 /* Debug */,
				A7CF78552D9219860032D720 /* Release */,
			);
			defaultConfigurationIsVisible = 0;
			defaultConfigurationName = Release;
		};
/* End XCConfigurationList section */
	};
	rootObject = A7CF78212D9219840032D720 /* Project object */;
}
