// !$*UTF8*$!
{
	archiveVersion = 1;
	classes = {
	};
	objectVersion = 56;
	objects = {

/* Begin PBXBuildFile section */
		A7660A902D9858D800BDA871 /* desafio09App.swift in Sources */ = {isa = PBXBuildFile; fileRef = A7660A8F2D9858D800BDA871 /* desafio09App.swift */; };
		A7660A922D9858D800BDA871 /* ContentView.swift in Sources */ = {isa = PBXBuildFile; fileRef = A7660A912D9858D800BDA871 /* ContentView.swift */; };
		A7660A942D9858DA00BDA871 /* Assets.xcassets in Resources */ = {isa = PBXBuildFile; fileRef = A7660A932D9858DA00BDA871 /* Assets.xcassets */; };
		A7660A972D9858DA00BDA871 /* Preview Assets.xcassets in Resources */ = {isa = PBXBuildFile; fileRef = A7660A962D9858DA00BDA871 /* Preview Assets.xcassets */; };
		A7660AA12D9858DA00BDA871 /* desafio09Tests.swift in Sources */ = {isa = PBXBuildFile; fileRef = A7660AA02D9858DA00BDA871 /* desafio09Tests.swift */; };
		A7660AAB2D9858DA00BDA871 /* desafio09UITests.swift in Sources */ = {isa = PBXBuildFile; fileRef = A7660AAA2D9858DA00BDA871 /* desafio09UITests.swift */; };
		A7660AAD2D9858DA00BDA871 /* desafio09UITestsLaunchTests.swift in Sources */ = {isa = PBXBuildFile; fileRef = A7660AAC2D9858DA00BDA871 /* desafio09UITestsLaunchTests.swift */; };
		A7660AC02D98593B00BDA871 /* ViewModel.swift in Sources */ = {isa = PBXBuildFile; fileRef = A7660ABF2D98593B00BDA871 /* ViewModel.swift */; };
		A7660AC22D985A1F00BDA871 /* Model.swift in Sources */ = {isa = PBXBuildFile; fileRef = A7660AC12D985A1F00BDA871 /* Model.swift */; };
		A7660AC42D9872DD00BDA871 /* Descript.swift in Sources */ = {isa = PBXBuildFile; fileRef = A7660AC32D9872DD00BDA871 /* Descript.swift */; };
/* End PBXBuildFile section */

/* Begin PBXContainerItemProxy section */
		A7660A9D2D9858DA00BDA871 /* PBXContainerItemProxy */ = {
			isa = PBXContainerItemProxy;
			containerPortal = A7660A842D9858D800BDA871 /* Project object */;
			proxyType = 1;
			remoteGlobalIDString = A7660A8B2D9858D800BDA871;
			remoteInfo = desafio09;
		};
		A7660AA72D9858DA00BDA871 /* PBXContainerItemProxy */ = {
			isa = PBXContainerItemProxy;
			containerPortal = A7660A842D9858D800BDA871 /* Project object */;
			proxyType = 1;
			remoteGlobalIDString = A7660A8B2D9858D800BDA871;
			remoteInfo = desafio09;
		};
/* End PBXContainerItemProxy section */

/* Begin PBXFileReference section */
		A7660A8C2D9858D800BDA871 /* desafio09.app */ = {isa = PBXFileReference; explicitFileType = wrapper.application; includeInIndex = 0; path = desafio09.app; sourceTree = BUILT_PRODUCTS_DIR; };
		A7660A8F2D9858D800BDA871 /* desafio09App.swift */ = {isa = PBXFileReference; lastKnownFileType = sourcecode.swift; path = desafio09App.swift; sourceTree = "<group>"; };
		A7660A912D9858D800BDA871 /* ContentView.swift */ = {isa = PBXFileReference; lastKnownFileType = sourcecode.swift; path = ContentView.swift; sourceTree = "<group>"; };
		A7660A932D9858DA00BDA871 /* Assets.xcassets */ = {isa = PBXFileReference; lastKnownFileType = folder.assetcatalog; path = Assets.xcassets; sourceTree = "<group>"; };
		A7660A962D9858DA00BDA871 /* Preview Assets.xcassets */ = {isa = PBXFileReference; lastKnownFileType = folder.assetcatalog; path = "Preview Assets.xcassets"; sourceTree = "<group>"; };
		A7660A9C2D9858DA00BDA871 /* desafio09Tests.xctest */ = {isa = PBXFileReference; explicitFileType = wrapper.cfbundle; includeInIndex = 0; path = desafio09Tests.xctest; sourceTree = BUILT_PRODUCTS_DIR; };
		A7660AA02D9858DA00BDA871 /* desafio09Tests.swift */ = {isa = PBXFileReference; lastKnownFileType = sourcecode.swift; path = desafio09Tests.swift; sourceTree = "<group>"; };
		A7660AA62D9858DA00BDA871 /* desafio09UITests.xctest */ = {isa = PBXFileReference; explicitFileType = wrapper.cfbundle; includeInIndex = 0; path = desafio09UITests.xctest; sourceTree = BUILT_PRODUCTS_DIR; };
		A7660AAA2D9858DA00BDA871 /* desafio09UITests.swift */ = {isa = PBXFileReference; lastKnownFileType = sourcecode.swift; path = desafio09UITests.swift; sourceTree = "<group>"; };
		A7660AAC2D9858DA00BDA871 /* desafio09UITestsLaunchTests.swift */ = {isa = PBXFileReference; lastKnownFileType = sourcecode.swift; path = desafio09UITestsLaunchTests.swift; sourceTree = "<group>"; };
		A7660ABF2D98593B00BDA871 /* ViewModel.swift */ = {isa = PBXFileReference; lastKnownFileType = sourcecode.swift; path = ViewModel.swift; sourceTree = "<group>"; };
		A7660AC12D985A1F00BDA871 /* Model.swift */ = {isa = PBXFileReference; lastKnownFileType = sourcecode.swift; path = Model.swift; sourceTree = "<group>"; };
		A7660AC32D9872DD00BDA871 /* Descript.swift */ = {isa = PBXFileReference; lastKnownFileType = sourcecode.swift; path = Descript.swift; sourceTree = "<group>"; };
/* End PBXFileReference section */

/* Begin PBXFrameworksBuildPhase section */
		A7660A892D9858D800BDA871 /* Frameworks */ = {
			isa = PBXFrameworksBuildPhase;
			buildActionMask = 2147483647;
			files = (
			);
			runOnlyForDeploymentPostprocessing = 0;
		};
		A7660A992D9858DA00BDA871 /* Frameworks */ = {
			isa = PBXFrameworksBuildPhase;
			buildActionMask = 2147483647;
			files = (
			);
			runOnlyForDeploymentPostprocessing = 0;
		};
		A7660AA32D9858DA00BDA871 /* Frameworks */ = {
			isa = PBXFrameworksBuildPhase;
			buildActionMask = 2147483647;
			files = (
			);
			runOnlyForDeploymentPostprocessing = 0;
		};
/* End PBXFrameworksBuildPhase section */

/* Begin PBXGroup section */
		A7660A832D9858D800BDA871 = {
			isa = PBXGroup;
			children = (
				A7660A8E2D9858D800BDA871 /* desafio09 */,
				A7660A9F2D9858DA00BDA871 /* desafio09Tests */,
				A7660AA92D9858DA00BDA871 /* desafio09UITests */,
				A7660A8D2D9858D800BDA871 /* Products */,
			);
			sourceTree = "<group>";
		};
		A7660A8D2D9858D800BDA871 /* Products */ = {
			isa = PBXGroup;
			children = (
				A7660A8C2D9858D800BDA871 /* desafio09.app */,
				A7660A9C2D9858DA00BDA871 /* desafio09Tests.xctest */,
				A7660AA62D9858DA00BDA871 /* desafio09UITests.xctest */,
			);
			name = Products;
			sourceTree = "<group>";
		};
		A7660A8E2D9858D800BDA871 /* desafio09 */ = {
			isa = PBXGroup;
			children = (
				A7660ABC2D98590600BDA871 /* viewModel */,
				A7660ABB2D98590100BDA871 /* view */,
				A7660ABA2D9858F500BDA871 /* model */,
				A7660A8F2D9858D800BDA871 /* desafio09App.swift */,
				A7660A932D9858DA00BDA871 /* Assets.xcassets */,
				A7660A952D9858DA00BDA871 /* Preview Content */,
			);
			path = desafio09;
			sourceTree = "<group>";
		};
		A7660A952D9858DA00BDA871 /* Preview Content */ = {
			isa = PBXGroup;
			children = (
				A7660A962D9858DA00BDA871 /* Preview Assets.xcassets */,
			);
			path = "Preview Content";
			sourceTree = "<group>";
		};
		A7660A9F2D9858DA00BDA871 /* desafio09Tests */ = {
			isa = PBXGroup;
			children = (
				A7660AA02D9858DA00BDA871 /* desafio09Tests.swift */,
			);
			path = desafio09Tests;
			sourceTree = "<group>";
		};
		A7660AA92D9858DA00BDA871 /* desafio09UITests */ = {
			isa = PBXGroup;
			children = (
				A7660AAA2D9858DA00BDA871 /* desafio09UITests.swift */,
				A7660AAC2D9858DA00BDA871 /* desafio09UITestsLaunchTests.swift */,
			);
			path = desafio09UITests;
			sourceTree = "<group>";
		};
		A7660ABA2D9858F500BDA871 /* model */ = {
			isa = PBXGroup;
			children = (
				A7660AC12D985A1F00BDA871 /* Model.swift */,
			);
			path = model;
			sourceTree = "<group>";
		};
		A7660ABB2D98590100BDA871 /* view */ = {
			isa = PBXGroup;
			children = (
				A7660A912D9858D800BDA871 /* ContentView.swift */,
				A7660AC32D9872DD00BDA871 /* Descript.swift */,
			);
			path = view;
			sourceTree = "<group>";
		};
		A7660ABC2D98590600BDA871 /* viewModel */ = {
			isa = PBXGroup;
			children = (
				A7660ABF2D98593B00BDA871 /* ViewModel.swift */,
			);
			path = viewModel;
			sourceTree = "<group>";
		};
/* End PBXGroup section */

/* Begin PBXNativeTarget section */
		A7660A8B2D9858D800BDA871 /* desafio09 */ = {
			isa = PBXNativeTarget;
			buildConfigurationList = A7660AB02D9858DA00BDA871 /* Build configuration list for PBXNativeTarget "desafio09" */;
			buildPhases = (
				A7660A882D9858D800BDA871 /* Sources */,
				A7660A892D9858D800BDA871 /* Frameworks */,
				A7660A8A2D9858D800BDA871 /* Resources */,
			);
			buildRules = (
			);
			dependencies = (
			);
			name = desafio09;
			productName = desafio09;
			productReference = A7660A8C2D9858D800BDA871 /* desafio09.app */;
			productType = "com.apple.product-type.application";
		};
		A7660A9B2D9858DA00BDA871 /* desafio09Tests */ = {
			isa = PBXNativeTarget;
			buildConfigurationList = A7660AB32D9858DA00BDA871 /* Build configuration list for PBXNativeTarget "desafio09Tests" */;
			buildPhases = (
				A7660A982D9858DA00BDA871 /* Sources */,
				A7660A992D9858DA00BDA871 /* Frameworks */,
				A7660A9A2D9858DA00BDA871 /* Resources */,
			);
			buildRules = (
			);
			dependencies = (
				A7660A9E2D9858DA00BDA871 /* PBXTargetDependency */,
			);
			name = desafio09Tests;
			productName = desafio09Tests;
			productReference = A7660A9C2D9858DA00BDA871 /* desafio09Tests.xctest */;
			productType = "com.apple.product-type.bundle.unit-test";
		};
		A7660AA52D9858DA00BDA871 /* desafio09UITests */ = {
			isa = PBXNativeTarget;
			buildConfigurationList = A7660AB62D9858DA00BDA871 /* Build configuration list for PBXNativeTarget "desafio09UITests" */;
			buildPhases = (
				A7660AA22D9858DA00BDA871 /* Sources */,
				A7660AA32D9858DA00BDA871 /* Frameworks */,
				A7660AA42D9858DA00BDA871 /* Resources */,
			);
			buildRules = (
			);
			dependencies = (
				A7660AA82D9858DA00BDA871 /* PBXTargetDependency */,
			);
			name = desafio09UITests;
			productName = desafio09UITests;
			productReference = A7660AA62D9858DA00BDA871 /* desafio09UITests.xctest */;
			productType = "com.apple.product-type.bundle.ui-testing";
		};
/* End PBXNativeTarget section */

/* Begin PBXProject section */
		A7660A842D9858D800BDA871 /* Project object */ = {
			isa = PBXProject;
			attributes = {
				BuildIndependentTargetsInParallel = 1;
				LastSwiftUpdateCheck = 1540;
				LastUpgradeCheck = 1540;
				TargetAttributes = {
					A7660A8B2D9858D800BDA871 = {
						CreatedOnToolsVersion = 15.4;
					};
					A7660A9B2D9858DA00BDA871 = {
						CreatedOnToolsVersion = 15.4;
						TestTargetID = A7660A8B2D9858D800BDA871;
					};
					A7660AA52D9858DA00BDA871 = {
						CreatedOnToolsVersion = 15.4;
						TestTargetID = A7660A8B2D9858D800BDA871;
					};
				};
			};
			buildConfigurationList = A7660A872D9858D800BDA871 /* Build configuration list for PBXProject "desafio09" */;
			compatibilityVersion = "Xcode 14.0";
			developmentRegion = en;
			hasScannedForEncodings = 0;
			knownRegions = (
				en,
				Base,
			);
			mainGroup = A7660A832D9858D800BDA871;
			productRefGroup = A7660A8D2D9858D800BDA871 /* Products */;
			projectDirPath = "";
			projectRoot = "";
			targets = (
				A7660A8B2D9858D800BDA871 /* desafio09 */,
				A7660A9B2D9858DA00BDA871 /* desafio09Tests */,
				A7660AA52D9858DA00BDA871 /* desafio09UITests */,
			);
		};
/* End PBXProject section */

/* Begin PBXResourcesBuildPhase section */
		A7660A8A2D9858D800BDA871 /* Resources */ = {
			isa = PBXResourcesBuildPhase;
			buildActionMask = 2147483647;
			files = (
				A7660A972D9858DA00BDA871 /* Preview Assets.xcassets in Resources */,
				A7660A942D9858DA00BDA871 /* Assets.xcassets in Resources */,
			);
			runOnlyForDeploymentPostprocessing = 0;
		};
		A7660A9A2D9858DA00BDA871 /* Resources */ = {
			isa = PBXResourcesBuildPhase;
			buildActionMask = 2147483647;
			files = (
			);
			runOnlyForDeploymentPostprocessing = 0;
		};
		A7660AA42D9858DA00BDA871 /* Resources */ = {
			isa = PBXResourcesBuildPhase;
			buildActionMask = 2147483647;
			files = (
			);
			runOnlyForDeploymentPostprocessing = 0;
		};
/* End PBXResourcesBuildPhase section */

/* Begin PBXSourcesBuildPhase section */
		A7660A882D9858D800BDA871 /* Sources */ = {
			isa = PBXSourcesBuildPhase;
			buildActionMask = 2147483647;
			files = (
				A7660A922D9858D800BDA871 /* ContentView.swift in Sources */,
				A7660AC02D98593B00BDA871 /* ViewModel.swift in Sources */,
				A7660A902D9858D800BDA871 /* desafio09App.swift in Sources */,
				A7660AC42D9872DD00BDA871 /* Descript.swift in Sources */,
				A7660AC22D985A1F00BDA871 /* Model.swift in Sources */,
			);
			runOnlyForDeploymentPostprocessing = 0;
		};
		A7660A982D9858DA00BDA871 /* Sources */ = {
			isa = PBXSourcesBuildPhase;
			buildActionMask = 2147483647;
			files = (
				A7660AA12D9858DA00BDA871 /* desafio09Tests.swift in Sources */,
			);
			runOnlyForDeploymentPostprocessing = 0;
		};
		A7660AA22D9858DA00BDA871 /* Sources */ = {
			isa = PBXSourcesBuildPhase;
			buildActionMask = 2147483647;
			files = (
				A7660AAB2D9858DA00BDA871 /* desafio09UITests.swift in Sources */,
				A7660AAD2D9858DA00BDA871 /* desafio09UITestsLaunchTests.swift in Sources */,
			);
			runOnlyForDeploymentPostprocessing = 0;
		};
/* End PBXSourcesBuildPhase section */

/* Begin PBXTargetDependency section */
		A7660A9E2D9858DA00BDA871 /* PBXTargetDependency */ = {
			isa = PBXTargetDependency;
			target = A7660A8B2D9858D800BDA871 /* desafio09 */;
			targetProxy = A7660A9D2D9858DA00BDA871 /* PBXContainerItemProxy */;
		};
		A7660AA82D9858DA00BDA871 /* PBXTargetDependency */ = {
			isa = PBXTargetDependency;
			target = A7660A8B2D9858D800BDA871 /* desafio09 */;
			targetProxy = A7660AA72D9858DA00BDA871 /* PBXContainerItemProxy */;
		};
/* End PBXTargetDependency section */

/* Begin XCBuildConfiguration section */
		A7660AAE2D9858DA00BDA871 /* Debug */ = {
			isa = XCBuildConfiguration;
			buildSettings = {
				ALWAYS_SEARCH_USER_PATHS = NO;
				ASSETCATALOG_COMPILER_GENERATE_SWIFT_ASSET_SYMBOL_EXTENSIONS = YES;
				CLANG_ANALYZER_NONNULL = YES;
				CLANG_ANALYZER_NUMBER_OBJECT_CONVERSION = YES_AGGRESSIVE;
				CLANG_CXX_LANGUAGE_STANDARD = "gnu++20";
				CLANG_ENABLE_MODULES = YES;
				CLANG_ENABLE_OBJC_ARC = YES;
				CLANG_ENABLE_OBJC_WEAK = YES;
				CLANG_WARN_BLOCK_CAPTURE_AUTORELEASING = YES;
				CLANG_WARN_BOOL_CONVERSION = YES;
				CLANG_WARN_COMMA = YES;
				CLANG_WARN_CONSTANT_CONVERSION = YES;
				CLANG_WARN_DEPRECATED_OBJC_IMPLEMENTATIONS = YES;
				CLANG_WARN_DIRECT_OBJC_ISA_USAGE = YES_ERROR;
				CLANG_WARN_DOCUMENTATION_COMMENTS = YES;
				CLANG_WARN_EMPTY_BODY = YES;
				CLANG_WARN_ENUM_CONVERSION = YES;
				CLANG_WARN_INFINITE_RECURSION = YES;
				CLANG_WARN_INT_CONVERSION = YES;
				CLANG_WARN_NON_LITERAL_NULL_CONVERSION = YES;
				CLANG_WARN_OBJC_IMPLICIT_RETAIN_SELF = YES;
				CLANG_WARN_OBJC_LITERAL_CONVERSION = YES;
				CLANG_WARN_OBJC_ROOT_CLASS = YES_ERROR;
				CLANG_WARN_QUOTED_INCLUDE_IN_FRAMEWORK_HEADER = YES;
				CLANG_WARN_RANGE_LOOP_ANALYSIS = YES;
				CLANG_WARN_STRICT_PROTOTYPES = YES;
				CLANG_WARN_SUSPICIOUS_MOVE = YES;
				CLANG_WARN_UNGUARDED_AVAILABILITY = YES_AGGRESSIVE;
				CLANG_WARN_UNREACHABLE_CODE = YES;
				CLANG_WARN__DUPLICATE_METHOD_MATCH = YES;
				COPY_PHASE_STRIP = NO;
				DEBUG_INFORMATION_FORMAT = dwarf;
				ENABLE_STRICT_OBJC_MSGSEND = YES;
				ENABLE_TESTABILITY = YES;
				ENABLE_USER_SCRIPT_SANDBOXING = YES;
				GCC_C_LANGUAGE_STANDARD = gnu17;
				GCC_DYNAMIC_NO_PIC = NO;
				GCC_NO_COMMON_BLOCKS = YES;
				GCC_OPTIMIZATION_LEVEL = 0;
				GCC_PREPROCESSOR_DEFINITIONS = (
					"DEBUG=1",
					"$(inherited)",
				);
				GCC_WARN_64_TO_32_BIT_CONVERSION = YES;
				GCC_WARN_ABOUT_RETURN_TYPE = YES_ERROR;
				GCC_WARN_UNDECLARED_SELECTOR = YES;
				GCC_WARN_UNINITIALIZED_AUTOS = YES_AGGRESSIVE;
				GCC_WARN_UNUSED_FUNCTION = YES;
				GCC_WARN_UNUSED_VARIABLE = YES;
				IPHONEOS_DEPLOYMENT_TARGET = 17.5;
				LOCALIZATION_PREFERS_STRING_CATALOGS = YES;
				MTL_ENABLE_DEBUG_INFO = INCLUDE_SOURCE;
				MTL_FAST_MATH = YES;
				ONLY_ACTIVE_ARCH = YES;
				SDKROOT = iphoneos;
				SWIFT_ACTIVE_COMPILATION_CONDITIONS = "DEBUG $(inherited)";
				SWIFT_OPTIMIZATION_LEVEL = "-Onone";
			};
			name = Debug;
		};
		A7660AAF2D9858DA00BDA871 /* Release */ = {
			isa = XCBuildConfiguration;
			buildSettings = {
				ALWAYS_SEARCH_USER_PATHS = NO;
				ASSETCATALOG_COMPILER_GENERATE_SWIFT_ASSET_SYMBOL_EXTENSIONS = YES;
				CLANG_ANALYZER_NONNULL = YES;
				CLANG_ANALYZER_NUMBER_OBJECT_CONVERSION = YES_AGGRESSIVE;
				CLANG_CXX_LANGUAGE_STANDARD = "gnu++20";
				CLANG_ENABLE_MODULES = YES;
				CLANG_ENABLE_OBJC_ARC = YES;
				CLANG_ENABLE_OBJC_WEAK = YES;
				CLANG_WARN_BLOCK_CAPTURE_AUTORELEASING = YES;
				CLANG_WARN_BOOL_CONVERSION = YES;
				CLANG_WARN_COMMA = YES;
				CLANG_WARN_CONSTANT_CONVERSION = YES;
				CLANG_WARN_DEPRECATED_OBJC_IMPLEMENTATIONS = YES;
				CLANG_WARN_DIRECT_OBJC_ISA_USAGE = YES_ERROR;
				CLANG_WARN_DOCUMENTATION_COMMENTS = YES;
				CLANG_WARN_EMPTY_BODY = YES;
				CLANG_WARN_ENUM_CONVERSION = YES;
				CLANG_WARN_INFINITE_RECURSION = YES;
				CLANG_WARN_INT_CONVERSION = YES;
				CLANG_WARN_NON_LITERAL_NULL_CONVERSION = YES;
				CLANG_WARN_OBJC_IMPLICIT_RETAIN_SELF = YES;
				CLANG_WARN_OBJC_LITERAL_CONVERSION = YES;
				CLANG_WARN_OBJC_ROOT_CLASS = YES_ERROR;
				CLANG_WARN_QUOTED_INCLUDE_IN_FRAMEWORK_HEADER = YES;
				CLANG_WARN_RANGE_LOOP_ANALYSIS = YES;
				CLANG_WARN_STRICT_PROTOTYPES = YES;
				CLANG_WARN_SUSPICIOUS_MOVE = YES;
				CLANG_WARN_UNGUARDED_AVAILABILITY = YES_AGGRESSIVE;
				CLANG_WARN_UNREACHABLE_CODE = YES;
				CLANG_WARN__DUPLICATE_METHOD_MATCH = YES;
				COPY_PHASE_STRIP = NO;
				DEBUG_INFORMATION_FORMAT = "dwarf-with-dsym";
				ENABLE_NS_ASSERTIONS = NO;
				ENABLE_STRICT_OBJC_MSGSEND = YES;
				ENABLE_USER_SCRIPT_SANDBOXING = YES;
				GCC_C_LANGUAGE_STANDARD = gnu17;
				GCC_NO_COMMON_BLOCKS = YES;
				GCC_WARN_64_TO_32_BIT_CONVERSION = YES;
				GCC_WARN_ABOUT_RETURN_TYPE = YES_ERROR;
				GCC_WARN_UNDECLARED_SELECTOR = YES;
				GCC_WARN_UNINITIALIZED_AUTOS = YES_AGGRESSIVE;
				GCC_WARN_UNUSED_FUNCTION = YES;
				GCC_WARN_UNUSED_VARIABLE = YES;
				IPHONEOS_DEPLOYMENT_TARGET = 17.5;
				LOCALIZATION_PREFERS_STRING_CATALOGS = YES;
				MTL_ENABLE_DEBUG_INFO = NO;
				MTL_FAST_MATH = YES;
				SDKROOT = iphoneos;
				SWIFT_COMPILATION_MODE = wholemodule;
				VALIDATE_PRODUCT = YES;
			};
			name = Release;
		};
		A7660AB12D9858DA00BDA871 /* Debug */ = {
			isa = XCBuildConfiguration;
			buildSettings = {
				ASSETCATALOG_COMPILER_APPICON_NAME = AppIcon;
				ASSETCATALOG_COMPILER_GLOBAL_ACCENT_COLOR_NAME = AccentColor;
				CODE_SIGN_STYLE = Automatic;
				CURRENT_PROJECT_VERSION = 1;
				DEVELOPMENT_ASSET_PATHS = "\"desafio09/Preview Content\"";
				ENABLE_PREVIEWS = YES;
				GENERATE_INFOPLIST_FILE = YES;
				INFOPLIST_KEY_UIApplicationSceneManifest_Generation = YES;
				INFOPLIST_KEY_UIApplicationSupportsIndirectInputEvents = YES;
				INFOPLIST_KEY_UILaunchScreen_Generation = YES;
				INFOPLIST_KEY_UISupportedInterfaceOrientations_iPad = "UIInterfaceOrientationPortrait UIInterfaceOrientationPortraitUpsideDown UIInterfaceOrientationLandscapeLeft UIInterfaceOrientationLandscapeRight";
				INFOPLIST_KEY_UISupportedInterfaceOrientations_iPhone = "UIInterfaceOrientationPortrait UIInterfaceOrientationLandscapeLeft UIInterfaceOrientationLandscapeRight";
				LD_RUNPATH_SEARCH_PATHS = (
					"$(inherited)",
					"@executable_path/Frameworks",
				);
				MARKETING_VERSION = 1.0;
				PRODUCT_BUNDLE_IDENTIFIER = laura.persilva.desafio09;
				PRODUCT_NAME = "$(TARGET_NAME)";
				SWIFT_EMIT_LOC_STRINGS = YES;
				SWIFT_VERSION = 5.0;
				TARGETED_DEVICE_FAMILY = "1,2";
			};
			name = Debug;
		};
		A7660AB22D9858DA00BDA871 /* Release */ = {
			isa = XCBuildConfiguration;
			buildSettings = {
				ASSETCATALOG_COMPILER_APPICON_NAME = AppIcon;
				ASSETCATALOG_COMPILER_GLOBAL_ACCENT_COLOR_NAME = AccentColor;
				CODE_SIGN_STYLE = Automatic;
				CURRENT_PROJECT_VERSION = 1;
				DEVELOPMENT_ASSET_PATHS = "\"desafio09/Preview Content\"";
				ENABLE_PREVIEWS = YES;
				GENERATE_INFOPLIST_FILE = YES;
				INFOPLIST_KEY_UIApplicationSceneManifest_Generation = YES;
				INFOPLIST_KEY_UIApplicationSupportsIndirectInputEvents = YES;
				INFOPLIST_KEY_UILaunchScreen_Generation = YES;
				INFOPLIST_KEY_UISupportedInterfaceOrientations_iPad = "UIInterfaceOrientationPortrait UIInterfaceOrientationPortraitUpsideDown UIInterfaceOrientationLandscapeLeft UIInterfaceOrientationLandscapeRight";
				INFOPLIST_KEY_UISupportedInterfaceOrientations_iPhone = "UIInterfaceOrientationPortrait UIInterfaceOrientationLandscapeLeft UIInterfaceOrientationLandscapeRight";
				LD_RUNPATH_SEARCH_PATHS = (
					"$(inherited)",
					"@executable_path/Frameworks",
				);
				MARKETING_VERSION = 1.0;
				PRODUCT_BUNDLE_IDENTIFIER = laura.persilva.desafio09;
				PRODUCT_NAME = "$(TARGET_NAME)";
				SWIFT_EMIT_LOC_STRINGS = YES;
				SWIFT_VERSION = 5.0;
				TARGETED_DEVICE_FAMILY = "1,2";
			};
			name = Release;
		};
		A7660AB42D9858DA00BDA871 /* Debug */ = {
			isa = XCBuildConfiguration;
			buildSettings = {
				ALWAYS_EMBED_SWIFT_STANDARD_LIBRARIES = YES;
				BUNDLE_LOADER = "$(TEST_HOST)";
				CODE_SIGN_STYLE = Automatic;
				CURRENT_PROJECT_VERSION = 1;
				GENERATE_INFOPLIST_FILE = YES;
				IPHONEOS_DEPLOYMENT_TARGET = 17.5;
				MARKETING_VERSION = 1.0;
				PRODUCT_BUNDLE_IDENTIFIER = laura.persilva.desafio09Tests;
				PRODUCT_NAME = "$(TARGET_NAME)";
				SWIFT_EMIT_LOC_STRINGS = NO;
				SWIFT_VERSION = 5.0;
				TARGETED_DEVICE_FAMILY = "1,2";
				TEST_HOST = "$(BUILT_PRODUCTS_DIR)/desafio09.app/$(BUNDLE_EXECUTABLE_FOLDER_PATH)/desafio09";
			};
			name = Debug;
		};
		A7660AB52D9858DA00BDA871 /* Release */ = {
			isa = XCBuildConfiguration;
			buildSettings = {
				ALWAYS_EMBED_SWIFT_STANDARD_LIBRARIES = YES;
				BUNDLE_LOADER = "$(TEST_HOST)";
				CODE_SIGN_STYLE = Automatic;
				CURRENT_PROJECT_VERSION = 1;
				GENERATE_INFOPLIST_FILE = YES;
				IPHONEOS_DEPLOYMENT_TARGET = 17.5;
				MARKETING_VERSION = 1.0;
				PRODUCT_BUNDLE_IDENTIFIER = laura.persilva.desafio09Tests;
				PRODUCT_NAME = "$(TARGET_NAME)";
				SWIFT_EMIT_LOC_STRINGS = NO;
				SWIFT_VERSION = 5.0;
				TARGETED_DEVICE_FAMILY = "1,2";
				TEST_HOST = "$(BUILT_PRODUCTS_DIR)/desafio09.app/$(BUNDLE_EXECUTABLE_FOLDER_PATH)/desafio09";
			};
			name = Release;
		};
		A7660AB72D9858DA00BDA871 /* Debug */ = {
			isa = XCBuildConfiguration;
			buildSettings = {
				ALWAYS_EMBED_SWIFT_STANDARD_LIBRARIES = YES;
				CODE_SIGN_STYLE = Automatic;
				CURRENT_PROJECT_VERSION = 1;
				GENERATE_INFOPLIST_FILE = YES;
				MARKETING_VERSION = 1.0;
				PRODUCT_BUNDLE_IDENTIFIER = laura.persilva.desafio09UITests;
				PRODUCT_NAME = "$(TARGET_NAME)";
				SWIFT_EMIT_LOC_STRINGS = NO;
				SWIFT_VERSION = 5.0;
				TARGETED_DEVICE_FAMILY = "1,2";
				TEST_TARGET_NAME = desafio09;
			};
			name = Debug;
		};
		A7660AB82D9858DA00BDA871 /* Release */ = {
			isa = XCBuildConfiguration;
			buildSettings = {
				ALWAYS_EMBED_SWIFT_STANDARD_LIBRARIES = YES;
				CODE_SIGN_STYLE = Automatic;
				CURRENT_PROJECT_VERSION = 1;
				GENERATE_INFOPLIST_FILE = YES;
				MARKETING_VERSION = 1.0;
				PRODUCT_BUNDLE_IDENTIFIER = laura.persilva.desafio09UITests;
				PRODUCT_NAME = "$(TARGET_NAME)";
				SWIFT_EMIT_LOC_STRINGS = NO;
				SWIFT_VERSION = 5.0;
				TARGETED_DEVICE_FAMILY = "1,2";
				TEST_TARGET_NAME = desafio09;
			};
			name = Release;
		};
/* End XCBuildConfiguration section */

/* Begin XCConfigurationList section */
		A7660A872D9858D800BDA871 /* Build configuration list for PBXProject "desafio09" */ = {
			isa = XCConfigurationList;
			buildConfigurations = (
				A7660AAE2D9858DA00BDA871 /* Debug */,
				A7660AAF2D9858DA00BDA871 /* Release */,
			);
			defaultConfigurationIsVisible = 0;
			defaultConfigurationName = Release;
		};
		A7660AB02D9858DA00BDA871 /* Build configuration list for PBXNativeTarget "desafio09" */ = {
			isa = XCConfigurationList;
			buildConfigurations = (
				A7660AB12D9858DA00BDA871 /* Debug */,
				A7660AB22D9858DA00BDA871 /* Release */,
			);
			defaultConfigurationIsVisible = 0;
			defaultConfigurationName = Release;
		};
		A7660AB32D9858DA00BDA871 /* Build configuration list for PBXNativeTarget "desafio09Tests" */ = {
			isa = XCConfigurationList;
			buildConfigurations = (
				A7660AB42D9858DA00BDA871 /* Debug */,
				A7660AB52D9858DA00BDA871 /* Release */,
			);
			defaultConfigurationIsVisible = 0;
			defaultConfigurationName = Release;
		};
		A7660AB62D9858DA00BDA871 /* Build configuration list for PBXNativeTarget "desafio09UITests" */ = {
			isa = XCConfigurationList;
			buildConfigurations = (
				A7660AB72D9858DA00BDA871 /* Debug */,
				A7660AB82D9858DA00BDA871 /* Release */,
			);
			defaultConfigurationIsVisible = 0;
			defaultConfigurationName = Release;
		};
/* End XCConfigurationList section */
	};
	rootObject = A7660A842D9858D800BDA871 /* Project object */;
}
